schema: '2.0'
stages:
  data_ingestion:
    cmd: python src/data/data_ingestion.py
    deps:
    - path: params.yaml
      hash: md5
      md5: 36ed5252b4b54808058c45d0756185cd
      size: 1703
    - path: src/connections/s3_connection.py
      hash: md5
      md5: fae1bed7be6ffc7b5945bb27c9817b31
      size: 2311
    - path: src/data/data_ingestion.py
      hash: md5
      md5: 091760cc8875d4316be847216aa1d22e
      size: 5386
    params:
      params.yaml:
        data_ingestion:
          trans_local_path: dvc_data/raw/HI-Medium_Trans.parquet
          acc_local_path: dvc_data/raw/HI-Medium_accounts.parquet
          s3_bucket: your-aml-bucket-name
          region_name: us-east-1
          transactions_s3_key: raw/HI-Medium_Trans.csv
          accounts_s3_key: raw/HI-Medium_accounts.csv
          gdrive_trans_id: 1Jh9kxlK69r37i-a_K1AK_tPccgYjKmcy
          gdrive_acc_id: 1NNJcs0nWbZKUESNfw1FX-AX5nfBiRb0j
    outs:
    - path: dvc_data/raw/accounts_raw.parquet
      hash: md5
      md5: 9ada797cdcc88dee5e13462cfb6a0941
      size: 61154973
    - path: dvc_data/raw/transactions_raw.parquet
      hash: md5
      md5: 6ef10e200857ca47cafb579a99426fa6
      size: 768072505
  data_preprocessing:
    cmd: python src/data/data_preprocessing.py
    deps:
    - path: dvc_data/raw/accounts_raw.parquet
      hash: md5
      md5: 9ada797cdcc88dee5e13462cfb6a0941
      size: 61154973
    - path: dvc_data/raw/transactions_raw.parquet
      hash: md5
      md5: 6ef10e200857ca47cafb579a99426fa6
      size: 768072505
    - path: params.yaml
      hash: md5
      md5: 36ed5252b4b54808058c45d0756185cd
      size: 1703
    - path: src/data/data_preprocessing.py
      hash: md5
      md5: d6c0a95bbb01c2bea1ca18a78bead5b7
      size: 6530
    params:
      params.yaml:
        data_preprocessing:
          dtype_map:
          From Bank: str
          To Bank: str
          Amount Paid: float32
          Amount Received: float32
          Is Laundering: int32
    outs:
    - path: dvc_data/processed/accounts_processed.parquet
      hash: md5
      md5: 0714203f8ef9b2fdbd19e8a899d2982c
      size: 61347406
    - path: dvc_data/processed/transactions_processed.parquet
      hash: md5
      md5: 49f43dedac3ef4eb2ebb1b966fe15f51
      size: 882771154
  feature_engineering:
    cmd: python src/features/feature_engineering.py
    deps:
    - path: dvc_data/processed/accounts_processed.parquet
      hash: md5
      md5: 0714203f8ef9b2fdbd19e8a899d2982c
      size: 61347406
    - path: dvc_data/processed/transactions_processed.parquet
      hash: md5
      md5: 49f43dedac3ef4eb2ebb1b966fe15f51
      size: 882771154
    - path: params.yaml
      hash: md5
      md5: 36ed5252b4b54808058c45d0756185cd
      size: 1703
    - path: src/features/build_features.py
      hash: md5
      md5: 55fb06de6e868aed3c4e73d113810b1e
      size: 20565
    - path: src/features/experimental/advanced_rolling_features_v2.py
      hash: md5
      md5: cab4f6e7322a4697f6e050e595c25ef3
      size: 10222
    - path: src/features/experimental/base_features.py
      hash: md5
      md5: 809b9d7e1558bc63015a1d6b4e52eac8
      size: 4112
    - path: src/features/experimental/counterparty_entropy_features_v2.py
      hash: md5
      md5: 91964d398ac7426a14cf724e2672a1aa
      size: 10211
    - path: src/features/experimental/derived_features.py
      hash: md5
      md5: c369e22f1a96255cb850295ef29edf55
      size: 1364
    - path: src/features/experimental/network_features.py
      hash: md5
      md5: 933e8566f21565ab2ff0004ac5e6995e
      size: 6313
    - path: src/features/experimental/precompute_entity_stats.py
      hash: md5
      md5: a5a91d2372f6140b3a71083d5de4f321
      size: 1032
    - path: src/features/experimental/ratio_features.py
      hash: md5
      md5: afbe0a2a2ff0a5038a5669dec48c3bda
      size: 2605
    - path: src/features/experimental/rolling_features_v2.py
      hash: md5
      md5: 35a2bd67cbc96b8953b99e16296d22e2
      size: 3382
    - path: src/features/experimental/toxic_corridors.py
      hash: md5
      md5: d6a199b5160b90e2c95f473cb2485f37
      size: 4074
    - path: src/features/feature_engineering.py
      hash: md5
      md5: faada6d5114ff9d35ffc1f3e1af9a827
      size: 3885
    params:
      params.yaml:
        feature_engineering:
          train_days_end: 11
          val_days_start: 12
          val_days_end: 13
          test_days_start: 14
          test_days_end: 16
          toxic_corridor_threshold: 0.02
          toxic_corridor_min_txns: 100
    outs:
    - path: dvc_data/aml_features/test_features.parquet
      hash: md5
      md5: 7a95441143d612cd54720f3007928ee4
      size: 421225192
    - path: dvc_data/aml_features/train_features.parquet
      hash: md5
      md5: a1930ecd9d32e8be87d5260290fb8f15
      size: 1116905039
    - path: dvc_data/aml_features/val_features.parquet
      hash: md5
      md5: 61c73c2366730ec99951d66ff0550296
      size: 245265618
  anomaly_scoring:
    cmd: python src/features/anomaly_feature_scoring.py
    deps:
    - path: dvc_data/aml_features/test_features.parquet
      hash: md5
      md5: 7a95441143d612cd54720f3007928ee4
      size: 421225192
    - path: dvc_data/aml_features/train_features.parquet
      hash: md5
      md5: a1930ecd9d32e8be87d5260290fb8f15
      size: 1116905039
    - path: dvc_data/aml_features/val_features.parquet
      hash: md5
      md5: 61c73c2366730ec99951d66ff0550296
      size: 245265618
    - path: params.yaml
      hash: md5
      md5: 36ed5252b4b54808058c45d0756185cd
      size: 1703
    - path: src/features/anomaly_feature_scoring.py
      hash: md5
      md5: dd39c1475a7d621b1bab20bd92203c84
      size: 8877
    params:
      params.yaml:
        anomaly:
          train_sample_size: 2500000
          chunk_size: 100000
          contamination: auto
          random_state: 42
    outs:
    - path: dvc_data/processed_with_anomaly/test_features.parquet
      hash: md5
      md5: 553ddec97aa5f5f4f98af2a1321166a6
      size: 673973952
    - path: dvc_data/processed_with_anomaly/train_features.parquet
      hash: md5
      md5: bdcbb39ddeb6b073eb796ad6cf6841d4
      size: 1794777023
    - path: dvc_data/processed_with_anomaly/val_features.parquet
      hash: md5
      md5: faf0a3dc71c4d48143d00aa0402916d2
      size: 394414120
    - path: models/anomaly/isolation_forest.pkl
      hash: md5
      md5: 37e98b85262db97f370564b7615f69b4
      size: 14027959
  model_building:
    cmd: python src/model/model_building.py
    deps:
    - path: dvc_data/processed_with_anomaly/test_features.parquet
      hash: md5
      md5: 553ddec97aa5f5f4f98af2a1321166a6
      size: 673973952
    - path: dvc_data/processed_with_anomaly/train_features.parquet
      hash: md5
      md5: bdcbb39ddeb6b073eb796ad6cf6841d4
      size: 1794777023
    - path: dvc_data/processed_with_anomaly/val_features.parquet
      hash: md5
      md5: faf0a3dc71c4d48143d00aa0402916d2
      size: 394414120
    - path: params.yaml
      hash: md5
      md5: 36ed5252b4b54808058c45d0756185cd
      size: 1703
    - path: src/model/model_building.py
      hash: md5
      md5: e3a7ef81114cb5c8c5b56e3fa096846f
      size: 27440
    params:
      params.yaml:
        model:
          random_state: 42
          train_sample_size: 1500000
          val_sample_size: 500000
          test_sample_size: 750000
          fpr_threshold: 0.01
          mccv_iterations: 5
          variance_threshold: 0.001
          shap_threshold: 0.001
    outs:
    - path: models/trained_model/
      hash: md5
      md5: 5e35b6c30311e9ec351bec40888289e8.dir
      size: 10816837
      nfiles: 7
    - path: reports/model_metrics.json
      hash: md5
      md5: f186f16311d41ed58349e727a2f5ace3
      size: 593
  model_evaluation:
    cmd: python src/model/model_evaluation.py
    deps:
    - path: dvc_data/processed_with_anomaly/test_features.parquet
      hash: md5
      md5: 553ddec97aa5f5f4f98af2a1321166a6
      size: 673973952
    - path: params.yaml
      hash: md5
      md5: 36ed5252b4b54808058c45d0756185cd
      size: 1703
    - path: src/model/model_evaluation.py
      hash: md5
      md5: 844b19b985b94c9f8a417a797e0ef638
      size: 18873
    params:
      params.yaml:
        dagshub:
          repo_owner: virajdeshmukh080818
          repo_name: AML
        mlflow:
          experiment_name: AML pipeline
        model:
          random_state: 42
          train_sample_size: 1500000
          val_sample_size: 500000
          test_sample_size: 750000
          fpr_threshold: 0.01
          mccv_iterations: 5
          variance_threshold: 0.001
          shap_threshold: 0.001
    outs:
    - path: reports/confusion_matrix.png
      hash: md5
      md5: bbc035fd360740b2f1253f64238f3f6c
      size: 39110
    - path: reports/eval_metrics.json
      hash: md5
      md5: 98a527f9db2b185950f6b43037974217
      size: 423
    - path: reports/experiment_info.json
      hash: md5
      md5: 5f577d3f64e761eb8f99484aad7f18c0
      size: 370
    - path: reports/pr_curve.png
      hash: md5
      md5: 5516d6db5e097ed6c86ca6708509cd66
      size: 48884
  model_registry:
    cmd: python src/model/model_registry.py
    deps:
    - path: params.yaml
      hash: md5
      md5: 36ed5252b4b54808058c45d0756185cd
      size: 1703
    - path: reports/experiment_info.json
      hash: md5
      md5: 5f577d3f64e761eb8f99484aad7f18c0
      size: 370
    - path: reports/model_metrics.json
      hash: md5
      md5: f186f16311d41ed58349e727a2f5ace3
      size: 593
    - path: src/model/model_registry.py
      hash: md5
      md5: 1b7ad8179120ae03609f45f36c698ed3
      size: 11758
    params:
      params.yaml:
        dagshub:
          repo_owner: virajdeshmukh080818
          repo_name: AML
        model_registry:
          reg_model_name: AML_Laundering_Detector
          dataset_name: IBM_HI_Medium
          min_improvement: 0.005
    outs:
    - path: reports/registry_output.json
      hash: md5
      md5: 11ec9614017b5ae372b74eccfe7a6782
      size: 304
